{
  "object": {
    "pins": [
      {
        "package": "Kingfisher",
        "repositoryURL": "https://github.com/onevcat/Kingfisher",
        "state": {
          "branch": null,
          "revision": "1aa9889e5f7d9d92acda014eea9cdc7338d3d7d6",
          "version": "5.15.6"
        }
      },
      {
        "package": "Willow",
        "repositoryURL": "https://github.com/Nike-Inc/Willow",
        "state": {
          "branch": null,
          "revision": "816ff0129ca61cae3d00ca82dadce7f759d29ce9",
          "version": "6.0.0"
        }
      }
    ]
  },
  "version": 1
}
